
Microsoft Visual Studio Solution File, Format Version 12.00
# Visual Studio Version 16
VisualStudioVersion = 16.0.31910.168
MinimumVisualStudioVersion = 10.0.40219.1
Project("{FAE04EC0-301F-11D3-BF4B-00C04F79EFBC}") = "WorkshopI2", "WorkshopI2\WorkshopI2.csproj", "{7468AE7E-35AB-4917-89D5-D7F174A4D374}"
EndProject
Global
	GlobalSection(SolutionConfigurationPlatforms) = preSolution
		Debug|Any CPU = Debug|Any CPU
		Release|Any CPU = Release|Any CPU
	EndGlobalSection
	GlobalSection(ProjectConfigurationPlatforms) = postSolution
		{7468AE7E-35AB-4917-89D5-D7F174A4D374}.Debug|Any CPU.ActiveCfg = Debug|Any CPU
		{7468AE7E-35AB-4917-89D5-D7F174A4D374}.Debug|Any CPU.Build.0 = Debug|Any CPU
		{7468AE7E-35AB-4917-89D5-D7F174A4D374}.Release|Any CPU.ActiveCfg = Release|Any CPU
		{7468AE7E-35AB-4917-89D5-D7F174A4D374}.Release|Any CPU.Build.0 = Release|Any CPU
	EndGlobalSection
	GlobalSection(SolutionProperties) = preSolution
		HideSolutionNode = FALSE
	EndGlobalSection
	GlobalSection(ExtensibilityGlobals) = postSolution
		SolutionGuid = {8E16E3A4-CC6A-4865-9812-457306CAEB77}
	EndGlobalSection
EndGlobal
